
Microsoft Visual Studio Solution File, Format Version 12.00
# Visual Studio Version 16
VisualStudioVersion = 16.0.30611.23
MinimumVisualStudioVersion = 10.0.40219.1
Project("{FAE04EC0-301F-11D3-BF4B-00C04F79EFBC}") = "WpfApp1", "WpfApp1\WpfApp1.csproj", "{7E22081A-9861-4814-826D-F6C211A0CEFB}"
EndProject
Project("{FAE04EC0-301F-11D3-BF4B-00C04F79EFBC}") = "WindowsFormsApp1", "WindowsFormsApp1\WindowsFormsApp1.csproj", "{E36D3CEC-A453-44BC-AFCE-2EE017124C50}"
EndProject
Global
	GlobalSection(SolutionConfigurationPlatforms) = preSolution
		Debug|Any CPU = Debug|Any CPU
		Release|Any CPU = Release|Any CPU
	EndGlobalSection
	GlobalSection(ProjectConfigurationPlatforms) = postSolution
		{7E22081A-9861-4814-826D-F6C211A0CEFB}.Debug|Any CPU.ActiveCfg = Debug|Any CPU
		{7E22081A-9861-4814-826D-F6C211A0CEFB}.Debug|Any CPU.Build.0 = Debug|Any CPU
		{7E22081A-9861-4814-826D-F6C211A0CEFB}.Release|Any CPU.ActiveCfg = Release|Any CPU
		{7E22081A-9861-4814-826D-F6C211A0CEFB}.Release|Any CPU.Build.0 = Release|Any CPU
		{E36D3CEC-A453-44BC-AFCE-2EE017124C50}.Debug|Any CPU.ActiveCfg = Debug|Any CPU
		{E36D3CEC-A453-44BC-AFCE-2EE017124C50}.Debug|Any CPU.Build.0 = Debug|Any CPU
		{E36D3CEC-A453-44BC-AFCE-2EE017124C50}.Release|Any CPU.ActiveCfg = Release|Any CPU
		{E36D3CEC-A453-44BC-AFCE-2EE017124C50}.Release|Any CPU.Build.0 = Release|Any CPU
	EndGlobalSection
	GlobalSection(SolutionProperties) = preSolution
		HideSolutionNode = FALSE
	EndGlobalSection
	GlobalSection(ExtensibilityGlobals) = postSolution
		SolutionGuid = {712A9372-BBC9-437A-92C2-48A3D03242EA}
	EndGlobalSection
EndGlobal
